
Microsoft Visual Studio Solution File, Format Version 12.00
# Visual Studio Version 16
VisualStudioVersion = 16.0.31019.35
MinimumVisualStudioVersion = 10.0.40219.1
Project("{9A19103F-16F7-4668-BE54-9A1E7A4F7556}") = "SharpWasher", "SharpWasher.csproj", "{D42E05DA-7687-4C59-9F28-44909B525DD5}"
EndProject
Project("{9A19103F-16F7-4668-BE54-9A1E7A4F7556}") = "d2", "..\d2\d2.csproj", "{921F0AF8-C097-45EB-A916-74DDAEF06F66}"
EndProject
Project("{9A19103F-16F7-4668-BE54-9A1E7A4F7556}") = "d3", "..\d3\d3.csproj", "{68678457-97D9-4DC5-BEC6-307A7D0704D1}"
EndProject
Project("{9A19103F-16F7-4668-BE54-9A1E7A4F7556}") = "d4", "..\d4\d4.csproj", "{8AEDFF3B-181F-431C-AF61-D5C627843A40}"
EndProject
Project("{FAE04EC0-301F-11D3-BF4B-00C04F79EFBC}") = "d5", "..\d5\d5.csproj", "{840564D2-14D8-47AE-BCFD-BA5A4092AAEA}"
EndProject
Global
	GlobalSection(SolutionConfigurationPlatforms) = preSolution
		Debug|Any CPU = Debug|Any CPU
		Release|Any CPU = Release|Any CPU
	EndGlobalSection
	GlobalSection(ProjectConfigurationPlatforms) = postSolution
		{D42E05DA-7687-4C59-9F28-44909B525DD5}.Debug|Any CPU.ActiveCfg = Debug|Any CPU
		{D42E05DA-7687-4C59-9F28-44909B525DD5}.Debug|Any CPU.Build.0 = Debug|Any CPU
		{D42E05DA-7687-4C59-9F28-44909B525DD5}.Release|Any CPU.ActiveCfg = Release|Any CPU
		{D42E05DA-7687-4C59-9F28-44909B525DD5}.Release|Any CPU.Build.0 = Release|Any CPU
		{921F0AF8-C097-45EB-A916-74DDAEF06F66}.Debug|Any CPU.ActiveCfg = Debug|Any CPU
		{921F0AF8-C097-45EB-A916-74DDAEF06F66}.Debug|Any CPU.Build.0 = Debug|Any CPU
		{921F0AF8-C097-45EB-A916-74DDAEF06F66}.Release|Any CPU.ActiveCfg = Release|Any CPU
		{921F0AF8-C097-45EB-A916-74DDAEF06F66}.Release|Any CPU.Build.0 = Release|Any CPU
		{68678457-97D9-4DC5-BEC6-307A7D0704D1}.Debug|Any CPU.ActiveCfg = Debug|Any CPU
		{68678457-97D9-4DC5-BEC6-307A7D0704D1}.Debug|Any CPU.Build.0 = Debug|Any CPU
		{68678457-97D9-4DC5-BEC6-307A7D0704D1}.Release|Any CPU.ActiveCfg = Release|Any CPU
		{68678457-97D9-4DC5-BEC6-307A7D0704D1}.Release|Any CPU.Build.0 = Release|Any CPU
		{8AEDFF3B-181F-431C-AF61-D5C627843A40}.Debug|Any CPU.ActiveCfg = Debug|Any CPU
		{8AEDFF3B-181F-431C-AF61-D5C627843A40}.Debug|Any CPU.Build.0 = Debug|Any CPU
		{8AEDFF3B-181F-431C-AF61-D5C627843A40}.Release|Any CPU.ActiveCfg = Release|Any CPU
		{8AEDFF3B-181F-431C-AF61-D5C627843A40}.Release|Any CPU.Build.0 = Release|Any CPU
		{840564D2-14D8-47AE-BCFD-BA5A4092AAEA}.Debug|Any CPU.ActiveCfg = Debug|Any CPU
		{840564D2-14D8-47AE-BCFD-BA5A4092AAEA}.Debug|Any CPU.Build.0 = Debug|Any CPU
		{840564D2-14D8-47AE-BCFD-BA5A4092AAEA}.Release|Any CPU.ActiveCfg = Release|Any CPU
		{840564D2-14D8-47AE-BCFD-BA5A4092AAEA}.Release|Any CPU.Build.0 = Release|Any CPU
	EndGlobalSection
	GlobalSection(SolutionProperties) = preSolution
		HideSolutionNode = FALSE
	EndGlobalSection
	GlobalSection(ExtensibilityGlobals) = postSolution
		SolutionGuid = {0AA1B9EA-49FB-48F6-B8EC-9EE7377EBA3D}
	EndGlobalSection
EndGlobal
